
Microsoft Visual Studio Solution File, Format Version 12.00
# Visual Studio Version 16
VisualStudioVersion = 16.0.31402.337
MinimumVisualStudioVersion = 10.0.40219.1
Project("{FAE04EC0-301F-11D3-BF4B-00C04F79EFBC}") = "GDQScraper", "GDQScraper\GDQScraper.csproj", "{EADDD1C2-F15D-4028-8281-4ED150828A00}"
EndProject
Global
	GlobalSection(SolutionConfigurationPlatforms) = preSolution
		Debug|Any CPU = Debug|Any CPU
		Release|Any CPU = Release|Any CPU
	EndGlobalSection
	GlobalSection(ProjectConfigurationPlatforms) = postSolution
		{EADDD1C2-F15D-4028-8281-4ED150828A00}.Debug|Any CPU.ActiveCfg = Debug|Any CPU
		{EADDD1C2-F15D-4028-8281-4ED150828A00}.Debug|Any CPU.Build.0 = Debug|Any CPU
		{EADDD1C2-F15D-4028-8281-4ED150828A00}.Release|Any CPU.ActiveCfg = Release|Any CPU
		{EADDD1C2-F15D-4028-8281-4ED150828A00}.Release|Any CPU.Build.0 = Release|Any CPU
	EndGlobalSection
	GlobalSection(SolutionProperties) = preSolution
		HideSolutionNode = FALSE
	EndGlobalSection
	GlobalSection(ExtensibilityGlobals) = postSolution
		SolutionGuid = {D59F5C96-9C15-41C4-91C3-CDACE54B14F1}
	EndGlobalSection
EndGlobal
